// !$*UTF8*$!
{
	archiveVersion = 1;
	classes = {
	};
	objectVersion = 46;
	objects = {

/* Begin PBXBuildFile section */
		4638062D1E5D35DD00BD117F /* AppDelegate.swift in Sources */ = {isa = PBXBuildFile; fileRef = 4638062C1E5D35DD00BD117F /* AppDelegate.swift */; };
		4638062F1E5D35DD00BD117F /* MainViewController.swift in Sources */ = {isa = PBXBuildFile; fileRef = 4638062E1E5D35DD00BD117F /* MainViewController.swift */; };
		463806321E5D35DD00BD117F /* Main.storyboard in Resources */ = {isa = PBXBuildFile; fileRef = 463806301E5D35DD00BD117F /* Main.storyboard */; };
		463806371E5D35DD00BD117F /* LaunchScreen.storyboard in Resources */ = {isa = PBXBuildFile; fileRef = 463806351E5D35DD00BD117F /* LaunchScreen.storyboard */; };
		463806451E5D3F1100BD117F /* hosaka.wav in Resources */ = {isa = PBXBuildFile; fileRef = 463806411E5D3F1100BD117F /* hosaka.wav */; };
		463806461E5D3F1100BD117F /* kirin.wav in Resources */ = {isa = PBXBuildFile; fileRef = 463806421E5D3F1100BD117F /* kirin.wav */; };
		463806481E5D3F1100BD117F /* touyou.wav in Resources */ = {isa = PBXBuildFile; fileRef = 463806441E5D3F1100BD117F /* touyou.wav */; };
		4638064A1E5D3F5200BD117F /* taguchi.wav in Resources */ = {isa = PBXBuildFile; fileRef = 463806491E5D3F5200BD117F /* taguchi.wav */; };
		463806501E5D5C1C00BD117F /* logotypejp_mp_b_1.ttf in Resources */ = {isa = PBXBuildFile; fileRef = 4638064F1E5D591600BD117F /* logotypejp_mp_b_1.ttf */; };
		463806541E5D673300BD117F /* CustomTableViewCell.swift in Sources */ = {isa = PBXBuildFile; fileRef = 463806531E5D673300BD117F /* CustomTableViewCell.swift */; };
		612F50751E5E774400331EC4 /* EZAudioManager.swift in Sources */ = {isa = PBXBuildFile; fileRef = 612F50741E5E774400331EC4 /* EZAudioManager.swift */; };
		61B058701E5E99B800FF82B1 /* File.swift in Sources */ = {isa = PBXBuildFile; fileRef = 61B0586C1E5E99B800FF82B1 /* File.swift */; };
		61B058711E5E99B800FF82B1 /* Filer.swift in Sources */ = {isa = PBXBuildFile; fileRef = 61B0586D1E5E99B800FF82B1 /* Filer.swift */; };
		61B058721E5E99B800FF82B1 /* FileReader.swift in Sources */ = {isa = PBXBuildFile; fileRef = 61B0586E1E5E99B800FF82B1 /* FileReader.swift */; };
		61B058731E5E99B800FF82B1 /* FileWriter.swift in Sources */ = {isa = PBXBuildFile; fileRef = 61B0586F1E5E99B800FF82B1 /* FileWriter.swift */; };
		61B058C71E5E9A2E00FF82B1 /* 1korekara_cut.wav in Resources */ = {isa = PBXBuildFile; fileRef = 61B058B71E5E9A2E00FF82B1 /* 1korekara_cut.wav */; };
		61B058C81E5E9A2E00FF82B1 /* 2korekara_cut.wav in Resources */ = {isa = PBXBuildFile; fileRef = 61B058B81E5E9A2E00FF82B1 /* 2korekara_cut.wav */; };
		61B058C91E5E9A2E00FF82B1 /* 3apuri_cut.wav in Resources */ = {isa = PBXBuildFile; fileRef = 61B058B91E5E9A2E00FF82B1 /* 3apuri_cut.wav */; };
		61B058CA1E5E9A2E00FF82B1 /* 4setumei_cut.wav in Resources */ = {isa = PBXBuildFile; fileRef = 61B058BA1E5E9A2E00FF82B1 /* 4setumei_cut.wav */; };
		61B058CB1E5E9A2E00FF82B1 /* 5suruze_cut.wav in Resources */ = {isa = PBXBuildFile; fileRef = 61B058BB1E5E9A2E00FF82B1 /* 5suruze_cut.wav */; };
		61B058CC1E5E9A2E00FF82B1 /* 6onsei_cut.wav in Resources */ = {isa = PBXBuildFile; fileRef = 61B058BC1E5E9A2E00FF82B1 /* 6onsei_cut.wav */; };
		61B058CD1E5E9A2E00FF82B1 /* 7rokuon_cut.wav in Resources */ = {isa = PBXBuildFile; fileRef = 61B058BD1E5E9A2E00FF82B1 /* 7rokuon_cut.wav */; };
		61B058CE1E5E9A2E00FF82B1 /* 8minnnawo_cut.wav in Resources */ = {isa = PBXBuildFile; fileRef = 61B058BE1E5E9A2E00FF82B1 /* 8minnnawo_cut.wav */; };
		61B058CF1E5E9A2E00FF82B1 /* 9rockon_cut.wav in Resources */ = {isa = PBXBuildFile; fileRef = 61B058BF1E5E9A2E00FF82B1 /* 9rockon_cut.wav */; };
		61B058D01E5E9A2E00FF82B1 /* 10korede_cut.wav in Resources */ = {isa = PBXBuildFile; fileRef = 61B058C01E5E9A2E00FF82B1 /* 10korede_cut.wav */; };
		61B058D11E5E9A2E00FF82B1 /* 11yourname_cut.wav in Resources */ = {isa = PBXBuildFile; fileRef = 61B058C11E5E9A2E00FF82B1 /* 11yourname_cut.wav */; };
		61B058D21E5E9A2E00FF82B1 /* 12todoroku_cut.wav in Resources */ = {isa = PBXBuildFile; fileRef = 61B058C21E5E9A2E00FF82B1 /* 12todoroku_cut.wav */; };
		61B058D31E5E9A2E00FF82B1 /* 13menber_cut.wav in Resources */ = {isa = PBXBuildFile; fileRef = 61B058C31E5E9A2E00FF82B1 /* 13menber_cut.wav */; };
		61B058D41E5E9A2E00FF82B1 /* 14menta-_cut.wav in Resources */ = {isa = PBXBuildFile; fileRef = 61B058C41E5E9A2E00FF82B1 /* 14menta-_cut.wav */; };
		61B058D51E5E9A2E00FF82B1 /* 15minnade_cut.wav in Resources */ = {isa = PBXBuildFile; fileRef = 61B058C51E5E9A2E00FF82B1 /* 15minnade_cut.wav */; };
		61B058D61E5E9A2E00FF82B1 /* 16chekera_cut.wav in Resources */ = {isa = PBXBuildFile; fileRef = 61B058C61E5E9A2E00FF82B1 /* 16chekera_cut.wav */; };
		61B058D81E5EA77300FF82B1 /* Assets.xcassets in Resources */ = {isa = PBXBuildFile; fileRef = 61B058D71E5EA77300FF82B1 /* Assets.xcassets */; };
		842C0A417E3BBF16A0F0878F /* Pods_Checkitout.framework in Frameworks */ = {isa = PBXBuildFile; fileRef = DBF47C01DD064D0C191F9A75 /* Pods_Checkitout.framework */; };
/* End PBXBuildFile section */

/* Begin PBXFileReference section */
		463806291E5D35DD00BD117F /* Checkitout.app */ = {isa = PBXFileReference; explicitFileType = wrapper.application; includeInIndex = 0; path = Checkitout.app; sourceTree = BUILT_PRODUCTS_DIR; };
		4638062C1E5D35DD00BD117F /* AppDelegate.swift */ = {isa = PBXFileReference; lastKnownFileType = sourcecode.swift; path = AppDelegate.swift; sourceTree = "<group>"; };
		4638062E1E5D35DD00BD117F /* MainViewController.swift */ = {isa = PBXFileReference; lastKnownFileType = sourcecode.swift; path = MainViewController.swift; sourceTree = "<group>"; };
		463806311E5D35DD00BD117F /* Base */ = {isa = PBXFileReference; lastKnownFileType = file.storyboard; name = Base; path = Base.lproj/Main.storyboard; sourceTree = "<group>"; };
		463806361E5D35DD00BD117F /* Base */ = {isa = PBXFileReference; lastKnownFileType = file.storyboard; name = Base; path = Base.lproj/LaunchScreen.storyboard; sourceTree = "<group>"; };
		463806381E5D35DD00BD117F /* Info.plist */ = {isa = PBXFileReference; lastKnownFileType = text.plist.xml; path = Info.plist; sourceTree = "<group>"; };
		463806411E5D3F1100BD117F /* hosaka.wav */ = {isa = PBXFileReference; lastKnownFileType = audio.wav; path = hosaka.wav; sourceTree = "<group>"; };
		463806421E5D3F1100BD117F /* kirin.wav */ = {isa = PBXFileReference; lastKnownFileType = audio.wav; path = kirin.wav; sourceTree = "<group>"; };
		463806441E5D3F1100BD117F /* touyou.wav */ = {isa = PBXFileReference; lastKnownFileType = audio.wav; path = touyou.wav; sourceTree = "<group>"; };
		463806491E5D3F5200BD117F /* taguchi.wav */ = {isa = PBXFileReference; lastKnownFileType = audio.wav; path = taguchi.wav; sourceTree = "<group>"; };
		4638064F1E5D591600BD117F /* logotypejp_mp_b_1.ttf */ = {isa = PBXFileReference; lastKnownFileType = file; path = logotypejp_mp_b_1.ttf; sourceTree = "<group>"; };
		463806531E5D673300BD117F /* CustomTableViewCell.swift */ = {isa = PBXFileReference; fileEncoding = 4; lastKnownFileType = sourcecode.swift; path = CustomTableViewCell.swift; sourceTree = "<group>"; };
		612F50741E5E774400331EC4 /* EZAudioManager.swift */ = {isa = PBXFileReference; fileEncoding = 4; lastKnownFileType = sourcecode.swift; path = EZAudioManager.swift; sourceTree = "<group>"; };
		61B0586C1E5E99B800FF82B1 /* File.swift */ = {isa = PBXFileReference; fileEncoding = 4; lastKnownFileType = sourcecode.swift; path = File.swift; sourceTree = "<group>"; };
		61B0586D1E5E99B800FF82B1 /* Filer.swift */ = {isa = PBXFileReference; fileEncoding = 4; lastKnownFileType = sourcecode.swift; path = Filer.swift; sourceTree = "<group>"; };
		61B0586E1E5E99B800FF82B1 /* FileReader.swift */ = {isa = PBXFileReference; fileEncoding = 4; lastKnownFileType = sourcecode.swift; path = FileReader.swift; sourceTree = "<group>"; };
		61B0586F1E5E99B800FF82B1 /* FileWriter.swift */ = {isa = PBXFileReference; fileEncoding = 4; lastKnownFileType = sourcecode.swift; path = FileWriter.swift; sourceTree = "<group>"; };
		61B058B71E5E9A2E00FF82B1 /* 1korekara_cut.wav */ = {isa = PBXFileReference; lastKnownFileType = audio.wav; path = 1korekara_cut.wav; sourceTree = "<group>"; };
		61B058B81E5E9A2E00FF82B1 /* 2korekara_cut.wav */ = {isa = PBXFileReference; lastKnownFileType = audio.wav; path = 2korekara_cut.wav; sourceTree = "<group>"; };
		61B058B91E5E9A2E00FF82B1 /* 3apuri_cut.wav */ = {isa = PBXFileReference; lastKnownFileType = audio.wav; path = 3apuri_cut.wav; sourceTree = "<group>"; };
		61B058BA1E5E9A2E00FF82B1 /* 4setumei_cut.wav */ = {isa = PBXFileReference; lastKnownFileType = audio.wav; path = 4setumei_cut.wav; sourceTree = "<group>"; };
		61B058BB1E5E9A2E00FF82B1 /* 5suruze_cut.wav */ = {isa = PBXFileReference; lastKnownFileType = audio.wav; path = 5suruze_cut.wav; sourceTree = "<group>"; };
		61B058BC1E5E9A2E00FF82B1 /* 6onsei_cut.wav */ = {isa = PBXFileReference; lastKnownFileType = audio.wav; path = 6onsei_cut.wav; sourceTree = "<group>"; };
		61B058BD1E5E9A2E00FF82B1 /* 7rokuon_cut.wav */ = {isa = PBXFileReference; lastKnownFileType = audio.wav; path = 7rokuon_cut.wav; sourceTree = "<group>"; };
		61B058BE1E5E9A2E00FF82B1 /* 8minnnawo_cut.wav */ = {isa = PBXFileReference; lastKnownFileType = audio.wav; path = 8minnnawo_cut.wav; sourceTree = "<group>"; };
		61B058BF1E5E9A2E00FF82B1 /* 9rockon_cut.wav */ = {isa = PBXFileReference; lastKnownFileType = audio.wav; path = 9rockon_cut.wav; sourceTree = "<group>"; };
		61B058C01E5E9A2E00FF82B1 /* 10korede_cut.wav */ = {isa = PBXFileReference; lastKnownFileType = audio.wav; path = 10korede_cut.wav; sourceTree = "<group>"; };
		61B058C11E5E9A2E00FF82B1 /* 11yourname_cut.wav */ = {isa = PBXFileReference; lastKnownFileType = audio.wav; path = 11yourname_cut.wav; sourceTree = "<group>"; };
		61B058C21E5E9A2E00FF82B1 /* 12todoroku_cut.wav */ = {isa = PBXFileReference; lastKnownFileType = audio.wav; path = 12todoroku_cut.wav; sourceTree = "<group>"; };
		61B058C31E5E9A2E00FF82B1 /* 13menber_cut.wav */ = {isa = PBXFileReference; lastKnownFileType = audio.wav; path = 13menber_cut.wav; sourceTree = "<group>"; };
		61B058C41E5E9A2E00FF82B1 /* 14menta-_cut.wav */ = {isa = PBXFileReference; lastKnownFileType = audio.wav; path = "14menta-_cut.wav"; sourceTree = "<group>"; };
		61B058C51E5E9A2E00FF82B1 /* 15minnade_cut.wav */ = {isa = PBXFileReference; lastKnownFileType = audio.wav; path = 15minnade_cut.wav; sourceTree = "<group>"; };
		61B058C61E5E9A2E00FF82B1 /* 16chekera_cut.wav */ = {isa = PBXFileReference; lastKnownFileType = audio.wav; path = 16chekera_cut.wav; sourceTree = "<group>"; };
		61B058D71E5EA77300FF82B1 /* Assets.xcassets */ = {isa = PBXFileReference; lastKnownFileType = folder.assetcatalog; path = Assets.xcassets; sourceTree = "<group>"; };
		7AF05C930BD774494E31E532 /* Pods-Checkitout.debug.xcconfig */ = {isa = PBXFileReference; includeInIndex = 1; lastKnownFileType = text.xcconfig; name = "Pods-Checkitout.debug.xcconfig"; path = "Pods/Target Support Files/Pods-Checkitout/Pods-Checkitout.debug.xcconfig"; sourceTree = "<group>"; };
		BC091094922F4D767EE34696 /* Pods-Checkitout.release.xcconfig */ = {isa = PBXFileReference; includeInIndex = 1; lastKnownFileType = text.xcconfig; name = "Pods-Checkitout.release.xcconfig"; path = "Pods/Target Support Files/Pods-Checkitout/Pods-Checkitout.release.xcconfig"; sourceTree = "<group>"; };
		DBF47C01DD064D0C191F9A75 /* Pods_Checkitout.framework */ = {isa = PBXFileReference; explicitFileType = wrapper.framework; includeInIndex = 0; path = Pods_Checkitout.framework; sourceTree = BUILT_PRODUCTS_DIR; };
/* End PBXFileReference section */

/* Begin PBXFrameworksBuildPhase section */
		463806261E5D35DD00BD117F /* Frameworks */ = {
			isa = PBXFrameworksBuildPhase;
			buildActionMask = 2147483647;
			files = (
				842C0A417E3BBF16A0F0878F /* Pods_Checkitout.framework in Frameworks */,
			);
			runOnlyForDeploymentPostprocessing = 0;
		};
/* End PBXFrameworksBuildPhase section */

/* Begin PBXGroup section */
		463806201E5D35DD00BD117F = {
			isa = PBXGroup;
			children = (
				4638062B1E5D35DD00BD117F /* Checkitout */,
				4638062A1E5D35DD00BD117F /* Products */,
				C190D3E46DD5ADC22CD7814D /* Pods */,
				74E1C8F8F32B6FA40E4683DD /* Frameworks */,
			);
			sourceTree = "<group>";
		};
		4638062A1E5D35DD00BD117F /* Products */ = {
			isa = PBXGroup;
			children = (
				463806291E5D35DD00BD117F /* Checkitout.app */,
			);
			name = Products;
			sourceTree = "<group>";
		};
		4638062B1E5D35DD00BD117F /* Checkitout */ = {
			isa = PBXGroup;
			children = (
				4638064F1E5D591600BD117F /* logotypejp_mp_b_1.ttf */,
				61B0586C1E5E99B800FF82B1 /* File.swift */,
				61B058B71E5E9A2E00FF82B1 /* 1korekara_cut.wav */,
				61B058B81E5E9A2E00FF82B1 /* 2korekara_cut.wav */,
				61B058B91E5E9A2E00FF82B1 /* 3apuri_cut.wav */,
				61B058BA1E5E9A2E00FF82B1 /* 4setumei_cut.wav */,
				61B058BB1E5E9A2E00FF82B1 /* 5suruze_cut.wav */,
				61B058BC1E5E9A2E00FF82B1 /* 6onsei_cut.wav */,
				61B058BD1E5E9A2E00FF82B1 /* 7rokuon_cut.wav */,
				61B058BE1E5E9A2E00FF82B1 /* 8minnnawo_cut.wav */,
				61B058BF1E5E9A2E00FF82B1 /* 9rockon_cut.wav */,
				61B058C01E5E9A2E00FF82B1 /* 10korede_cut.wav */,
				61B058C11E5E9A2E00FF82B1 /* 11yourname_cut.wav */,
				61B058C21E5E9A2E00FF82B1 /* 12todoroku_cut.wav */,
				61B058C31E5E9A2E00FF82B1 /* 13menber_cut.wav */,
				61B058C41E5E9A2E00FF82B1 /* 14menta-_cut.wav */,
				61B058C51E5E9A2E00FF82B1 /* 15minnade_cut.wav */,
				61B058C61E5E9A2E00FF82B1 /* 16chekera_cut.wav */,
				61B0586D1E5E99B800FF82B1 /* Filer.swift */,
				61B0586E1E5E99B800FF82B1 /* FileReader.swift */,
				61B0586F1E5E99B800FF82B1 /* FileWriter.swift */,
				61B058D71E5EA77300FF82B1 /* Assets.xcassets */,
				4638063E1E5D3BFB00BD117F /* AudioSample */,
				4638062C1E5D35DD00BD117F /* AppDelegate.swift */,
				4638062E1E5D35DD00BD117F /* MainViewController.swift */,
				612F50741E5E774400331EC4 /* EZAudioManager.swift */,
				463806531E5D673300BD117F /* CustomTableViewCell.swift */,
				463806301E5D35DD00BD117F /* Main.storyboard */,
				463806351E5D35DD00BD117F /* LaunchScreen.storyboard */,
				463806381E5D35DD00BD117F /* Info.plist */,
			);
			path = Checkitout;
			sourceTree = "<group>";
		};
		4638063E1E5D3BFB00BD117F /* AudioSample */ = {
			isa = PBXGroup;
			children = (
				463806411E5D3F1100BD117F /* hosaka.wav */,
				463806421E5D3F1100BD117F /* kirin.wav */,
				463806491E5D3F5200BD117F /* taguchi.wav */,
				463806441E5D3F1100BD117F /* touyou.wav */,
			);
			name = AudioSample;
			sourceTree = "<group>";
		};
		74E1C8F8F32B6FA40E4683DD /* Frameworks */ = {
			isa = PBXGroup;
			children = (
				DBF47C01DD064D0C191F9A75 /* Pods_Checkitout.framework */,
			);
			name = Frameworks;
			sourceTree = "<group>";
		};
		C190D3E46DD5ADC22CD7814D /* Pods */ = {
			isa = PBXGroup;
			children = (
				7AF05C930BD774494E31E532 /* Pods-Checkitout.debug.xcconfig */,
				BC091094922F4D767EE34696 /* Pods-Checkitout.release.xcconfig */,
			);
			name = Pods;
			sourceTree = "<group>";
		};
/* End PBXGroup section */

/* Begin PBXNativeTarget section */
		463806281E5D35DD00BD117F /* Checkitout */ = {
			isa = PBXNativeTarget;
			buildConfigurationList = 4638063B1E5D35DD00BD117F /* Build configuration list for PBXNativeTarget "Checkitout" */;
			buildPhases = (
				6CA54FCEB879136BED1DC1DB /* [CP] Check Pods Manifest.lock */,
				463806251E5D35DD00BD117F /* Sources */,
				463806261E5D35DD00BD117F /* Frameworks */,
				463806271E5D35DD00BD117F /* Resources */,
				63D8B2DF944B04A8A210E866 /* [CP] Embed Pods Frameworks */,
				BE098E69A7BE3AC5FABBAD4A /* [CP] Copy Pods Resources */,
			);
			buildRules = (
			);
			dependencies = (
			);
			name = Checkitout;
			productName = Checkitout;
			productReference = 463806291E5D35DD00BD117F /* Checkitout.app */;
			productType = "com.apple.product-type.application";
		};
/* End PBXNativeTarget section */

/* Begin PBXProject section */
		463806211E5D35DD00BD117F /* Project object */ = {
			isa = PBXProject;
			attributes = {
				LastSwiftUpdateCheck = 0820;
				LastUpgradeCheck = 0820;
				ORGANIZATIONNAME = touyou;
				TargetAttributes = {
					463806281E5D35DD00BD117F = {
						CreatedOnToolsVersion = 8.2.1;
						DevelopmentTeam = NWMCRKZDG5;
						ProvisioningStyle = Automatic;
					};
				};
			};
			buildConfigurationList = 463806241E5D35DD00BD117F /* Build configuration list for PBXProject "Checkitout" */;
			compatibilityVersion = "Xcode 3.2";
			developmentRegion = English;
			hasScannedForEncodings = 0;
			knownRegions = (
				en,
				Base,
			);
			mainGroup = 463806201E5D35DD00BD117F;
			productRefGroup = 4638062A1E5D35DD00BD117F /* Products */;
			projectDirPath = "";
			projectRoot = "";
			targets = (
				463806281E5D35DD00BD117F /* Checkitout */,
			);
		};
/* End PBXProject section */

/* Begin PBXResourcesBuildPhase section */
		463806271E5D35DD00BD117F /* Resources */ = {
			isa = PBXResourcesBuildPhase;
			buildActionMask = 2147483647;
			files = (
				61B058C81E5E9A2E00FF82B1 /* 2korekara_cut.wav in Resources */,
				61B058C91E5E9A2E00FF82B1 /* 3apuri_cut.wav in Resources */,
				61B058D61E5E9A2E00FF82B1 /* 16chekera_cut.wav in Resources */,
				61B058C71E5E9A2E00FF82B1 /* 1korekara_cut.wav in Resources */,
				61B058D11E5E9A2E00FF82B1 /* 11yourname_cut.wav in Resources */,
				61B058CB1E5E9A2E00FF82B1 /* 5suruze_cut.wav in Resources */,
				463806501E5D5C1C00BD117F /* logotypejp_mp_b_1.ttf in Resources */,
				463806481E5D3F1100BD117F /* touyou.wav in Resources */,
				463806371E5D35DD00BD117F /* LaunchScreen.storyboard in Resources */,
				61B058CE1E5E9A2E00FF82B1 /* 8minnnawo_cut.wav in Resources */,
				4638064A1E5D3F5200BD117F /* taguchi.wav in Resources */,
				61B058D31E5E9A2E00FF82B1 /* 13menber_cut.wav in Resources */,
				61B058CF1E5E9A2E00FF82B1 /* 9rockon_cut.wav in Resources */,
				61B058CA1E5E9A2E00FF82B1 /* 4setumei_cut.wav in Resources */,
				463806461E5D3F1100BD117F /* kirin.wav in Resources */,
				61B058D41E5E9A2E00FF82B1 /* 14menta-_cut.wav in Resources */,
				463806451E5D3F1100BD117F /* hosaka.wav in Resources */,
				61B058CC1E5E9A2E00FF82B1 /* 6onsei_cut.wav in Resources */,
				61B058D01E5E9A2E00FF82B1 /* 10korede_cut.wav in Resources */,
				463806321E5D35DD00BD117F /* Main.storyboard in Resources */,
				61B058D51E5E9A2E00FF82B1 /* 15minnade_cut.wav in Resources */,
				61B058CD1E5E9A2E00FF82B1 /* 7rokuon_cut.wav in Resources */,
				61B058D81E5EA77300FF82B1 /* Assets.xcassets in Resources */,
				61B058D21E5E9A2E00FF82B1 /* 12todoroku_cut.wav in Resources */,
			);
			runOnlyForDeploymentPostprocessing = 0;
		};
/* End PBXResourcesBuildPhase section */

/* Begin PBXShellScriptBuildPhase section */
		63D8B2DF944B04A8A210E866 /* [CP] Embed Pods Frameworks */ = {
			isa = PBXShellScriptBuildPhase;
			buildActionMask = 2147483647;
			files = (
			);
			inputPaths = (
			);
			name = "[CP] Embed Pods Frameworks";
			outputPaths = (
			);
			runOnlyForDeploymentPostprocessing = 0;
			shellPath = /bin/sh;
			shellScript = "\"${SRCROOT}/Pods/Target Support Files/Pods-Checkitout/Pods-Checkitout-frameworks.sh\"\n";
			showEnvVarsInLog = 0;
		};
		6CA54FCEB879136BED1DC1DB /* [CP] Check Pods Manifest.lock */ = {
			isa = PBXShellScriptBuildPhase;
			buildActionMask = 2147483647;
			files = (
			);
			inputPaths = (
			);
			name = "[CP] Check Pods Manifest.lock";
			outputPaths = (
			);
			runOnlyForDeploymentPostprocessing = 0;
			shellPath = /bin/sh;
			shellScript = "diff \"${PODS_ROOT}/../Podfile.lock\" \"${PODS_ROOT}/Manifest.lock\" > /dev/null\nif [ $? != 0 ] ; then\n    # print error to STDERR\n    echo \"error: The sandbox is not in sync with the Podfile.lock. Run 'pod install' or update your CocoaPods installation.\" >&2\n    exit 1\nfi\n";
			showEnvVarsInLog = 0;
		};
		BE098E69A7BE3AC5FABBAD4A /* [CP] Copy Pods Resources */ = {
			isa = PBXShellScriptBuildPhase;
			buildActionMask = 2147483647;
			files = (
			);
			inputPaths = (
			);
			name = "[CP] Copy Pods Resources";
			outputPaths = (
			);
			runOnlyForDeploymentPostprocessing = 0;
			shellPath = /bin/sh;
			shellScript = "\"${SRCROOT}/Pods/Target Support Files/Pods-Checkitout/Pods-Checkitout-resources.sh\"\n";
			showEnvVarsInLog = 0;
		};
/* End PBXShellScriptBuildPhase section */

/* Begin PBXSourcesBuildPhase section */
		463806251E5D35DD00BD117F /* Sources */ = {
			isa = PBXSourcesBuildPhase;
			buildActionMask = 2147483647;
			files = (
				61B058731E5E99B800FF82B1 /* FileWriter.swift in Sources */,
				61B058701E5E99B800FF82B1 /* File.swift in Sources */,
				4638062F1E5D35DD00BD117F /* MainViewController.swift in Sources */,
				61B058721E5E99B800FF82B1 /* FileReader.swift in Sources */,
				61B058711E5E99B800FF82B1 /* Filer.swift in Sources */,
				463806541E5D673300BD117F /* CustomTableViewCell.swift in Sources */,
				4638062D1E5D35DD00BD117F /* AppDelegate.swift in Sources */,
				612F50751E5E774400331EC4 /* EZAudioManager.swift in Sources */,
			);
			runOnlyForDeploymentPostprocessing = 0;
		};
/* End PBXSourcesBuildPhase section */

/* Begin PBXVariantGroup section */
		463806301E5D35DD00BD117F /* Main.storyboard */ = {
			isa = PBXVariantGroup;
			children = (
				463806311E5D35DD00BD117F /* Base */,
			);
			name = Main.storyboard;
			sourceTree = "<group>";
		};
		463806351E5D35DD00BD117F /* LaunchScreen.storyboard */ = {
			isa = PBXVariantGroup;
			children = (
				463806361E5D35DD00BD117F /* Base */,
			);
			name = LaunchScreen.storyboard;
			sourceTree = "<group>";
		};
/* End PBXVariantGroup section */

/* Begin XCBuildConfiguration section */
		463806391E5D35DD00BD117F /* Debug */ = {
			isa = XCBuildConfiguration;
			buildSettings = {
				ALWAYS_SEARCH_USER_PATHS = NO;
				CLANG_ANALYZER_NONNULL = YES;
				CLANG_CXX_LANGUAGE_STANDARD = "gnu++0x";
				CLANG_CXX_LIBRARY = "libc++";
				CLANG_ENABLE_MODULES = YES;
				CLANG_ENABLE_OBJC_ARC = YES;
				CLANG_WARN_BOOL_CONVERSION = YES;
				CLANG_WARN_CONSTANT_CONVERSION = YES;
				CLANG_WARN_DIRECT_OBJC_ISA_USAGE = YES_ERROR;
				CLANG_WARN_DOCUMENTATION_COMMENTS = YES;
				CLANG_WARN_EMPTY_BODY = YES;
				CLANG_WARN_ENUM_CONVERSION = YES;
				CLANG_WARN_INFINITE_RECURSION = YES;
				CLANG_WARN_INT_CONVERSION = YES;
				CLANG_WARN_OBJC_ROOT_CLASS = YES_ERROR;
				CLANG_WARN_SUSPICIOUS_MOVE = YES;
				CLANG_WARN_UNREACHABLE_CODE = YES;
				CLANG_WARN__DUPLICATE_METHOD_MATCH = YES;
				"CODE_SIGN_IDENTITY[sdk=iphoneos*]" = "iPhone Developer";
				COPY_PHASE_STRIP = NO;
				DEBUG_INFORMATION_FORMAT = dwarf;
				ENABLE_STRICT_OBJC_MSGSEND = YES;
				ENABLE_TESTABILITY = YES;
				GCC_C_LANGUAGE_STANDARD = gnu99;
				GCC_DYNAMIC_NO_PIC = NO;
				GCC_NO_COMMON_BLOCKS = YES;
				GCC_OPTIMIZATION_LEVEL = 0;
				GCC_PREPROCESSOR_DEFINITIONS = (
					"DEBUG=1",
					"$(inherited)",
				);
				GCC_WARN_64_TO_32_BIT_CONVERSION = YES;
				GCC_WARN_ABOUT_RETURN_TYPE = YES_ERROR;
				GCC_WARN_UNDECLARED_SELECTOR = YES;
				GCC_WARN_UNINITIALIZED_AUTOS = YES_AGGRESSIVE;
				GCC_WARN_UNUSED_FUNCTION = YES;
				GCC_WARN_UNUSED_VARIABLE = YES;
				IPHONEOS_DEPLOYMENT_TARGET = 10.2;
				MTL_ENABLE_DEBUG_INFO = YES;
				ONLY_ACTIVE_ARCH = YES;
				SDKROOT = iphoneos;
				SWIFT_ACTIVE_COMPILATION_CONDITIONS = DEBUG;
				SWIFT_OPTIMIZATION_LEVEL = "-Onone";
			};
			name = Debug;
		};
		4638063A1E5D35DD00BD117F /* Release */ = {
			isa = XCBuildConfiguration;
			buildSettings = {
				ALWAYS_SEARCH_USER_PATHS = NO;
				CLANG_ANALYZER_NONNULL = YES;
				CLANG_CXX_LANGUAGE_STANDARD = "gnu++0x";
				CLANG_CXX_LIBRARY = "libc++";
				CLANG_ENABLE_MODULES = YES;
				CLANG_ENABLE_OBJC_ARC = YES;
				CLANG_WARN_BOOL_CONVERSION = YES;
				CLANG_WARN_CONSTANT_CONVERSION = YES;
				CLANG_WARN_DIRECT_OBJC_ISA_USAGE = YES_ERROR;
				CLANG_WARN_DOCUMENTATION_COMMENTS = YES;
				CLANG_WARN_EMPTY_BODY = YES;
				CLANG_WARN_ENUM_CONVERSION = YES;
				CLANG_WARN_INFINITE_RECURSION = YES;
				CLANG_WARN_INT_CONVERSION = YES;
				CLANG_WARN_OBJC_ROOT_CLASS = YES_ERROR;
				CLANG_WARN_SUSPICIOUS_MOVE = YES;
				CLANG_WARN_UNREACHABLE_CODE = YES;
				CLANG_WARN__DUPLICATE_METHOD_MATCH = YES;
				"CODE_SIGN_IDENTITY[sdk=iphoneos*]" = "iPhone Developer";
				COPY_PHASE_STRIP = NO;
				DEBUG_INFORMATION_FORMAT = "dwarf-with-dsym";
				ENABLE_NS_ASSERTIONS = NO;
				ENABLE_STRICT_OBJC_MSGSEND = YES;
				GCC_C_LANGUAGE_STANDARD = gnu99;
				GCC_NO_COMMON_BLOCKS = YES;
				GCC_WARN_64_TO_32_BIT_CONVERSION = YES;
				GCC_WARN_ABOUT_RETURN_TYPE = YES_ERROR;
				GCC_WARN_UNDECLARED_SELECTOR = YES;
				GCC_WARN_UNINITIALIZED_AUTOS = YES_AGGRESSIVE;
				GCC_WARN_UNUSED_FUNCTION = YES;
				GCC_WARN_UNUSED_VARIABLE = YES;
				IPHONEOS_DEPLOYMENT_TARGET = 10.2;
				MTL_ENABLE_DEBUG_INFO = NO;
				SDKROOT = iphoneos;
				SWIFT_OPTIMIZATION_LEVEL = "-Owholemodule";
				VALIDATE_PRODUCT = YES;
			};
			name = Release;
		};
		4638063C1E5D35DD00BD117F /* Debug */ = {
			isa = XCBuildConfiguration;
			baseConfigurationReference = 7AF05C930BD774494E31E532 /* Pods-Checkitout.debug.xcconfig */;
			buildSettings = {
				ASSETCATALOG_COMPILER_APPICON_NAME = AppIcon;
				DEVELOPMENT_TEAM = NWMCRKZDG5;
				INFOPLIST_FILE = Checkitout/Info.plist;
				LD_RUNPATH_SEARCH_PATHS = "$(inherited) @executable_path/Frameworks";
				PRODUCT_BUNDLE_IDENTIFIER = com.dev.touyou.nknk.Checkitout;
				PRODUCT_NAME = "$(TARGET_NAME)";
				SWIFT_VERSION = 3.0;
			};
			name = Debug;
		};
		4638063D1E5D35DD00BD117F /* Release */ = {
			isa = XCBuildConfiguration;
			baseConfigurationReference = BC091094922F4D767EE34696 /* Pods-Checkitout.release.xcconfig */;
			buildSettings = {
				ASSETCATALOG_COMPILER_APPICON_NAME = AppIcon;
				DEVELOPMENT_TEAM = NWMCRKZDG5;
				INFOPLIST_FILE = Checkitout/Info.plist;
				LD_RUNPATH_SEARCH_PATHS = "$(inherited) @executable_path/Frameworks";
				PRODUCT_BUNDLE_IDENTIFIER = com.dev.touyou.nknk.Checkitout;
				PRODUCT_NAME = "$(TARGET_NAME)";
				SWIFT_VERSION = 3.0;
			};
			name = Release;
		};
/* End XCBuildConfiguration section */

/* Begin XCConfigurationList section */
		463806241E5D35DD00BD117F /* Build configuration list for PBXProject "Checkitout" */ = {
			isa = XCConfigurationList;
			buildConfigurations = (
				463806391E5D35DD00BD117F /* Debug */,
				4638063A1E5D35DD00BD117F /* Release */,
			);
			defaultConfigurationIsVisible = 0;
			defaultConfigurationName = Release;
		};
		4638063B1E5D35DD00BD117F /* Build configuration list for PBXNativeTarget "Checkitout" */ = {
			isa = XCConfigurationList;
			buildConfigurations = (
				4638063C1E5D35DD00BD117F /* Debug */,
				4638063D1E5D35DD00BD117F /* Release */,
			);
			defaultConfigurationIsVisible = 0;
			defaultConfigurationName = Release;
		};
/* End XCConfigurationList section */
	};
	rootObject = 463806211E5D35DD00BD117F /* Project object */;
}
